
Microsoft Visual Studio Solution File, Format Version 12.00
# Visual Studio Version 16
VisualStudioVersion = 16.0.31624.102
MinimumVisualStudioVersion = 10.0.40219.1
Project("{FAE04EC0-301F-11D3-BF4B-00C04F79EFBC}") = "GoogleOrTools", "GoogleOrTools.csproj", "{14F383A1-2D6F-4036-B95E-A270706C8A54}"
EndProject
Global
	GlobalSection(SolutionConfigurationPlatforms) = preSolution
		Debug|Any CPU = Debug|Any CPU
		Release|Any CPU = Release|Any CPU
	EndGlobalSection
	GlobalSection(ProjectConfigurationPlatforms) = postSolution
		{14F383A1-2D6F-4036-B95E-A270706C8A54}.Debug|Any CPU.ActiveCfg = Debug|Any CPU
		{14F383A1-2D6F-4036-B95E-A270706C8A54}.Debug|Any CPU.Build.0 = Debug|Any CPU
		{14F383A1-2D6F-4036-B95E-A270706C8A54}.Release|Any CPU.ActiveCfg = Release|Any CPU
		{14F383A1-2D6F-4036-B95E-A270706C8A54}.Release|Any CPU.Build.0 = Release|Any CPU
	EndGlobalSection
	GlobalSection(SolutionProperties) = preSolution
		HideSolutionNode = FALSE
	EndGlobalSection
	GlobalSection(ExtensibilityGlobals) = postSolution
		SolutionGuid = {3584B615-7ADB-47A3-9533-06A551FCA0FC}
	EndGlobalSection
EndGlobal
